
Microsoft Visual Studio Solution File, Format Version 12.00
# Visual Studio Version 17
VisualStudioVersion = 17.0.32112.339
MinimumVisualStudioVersion = 10.0.40219.1
Project("{FAE04EC0-301F-11D3-BF4B-00C04F79EFBC}") = "Exercicio 2 Classe", "Exercicio 2 Classe\Exercicio 2 Classe.csproj", "{12E27817-F1CA-4B74-A9BF-7FC6DAB5C9B5}"
EndProject
Global
	GlobalSection(SolutionConfigurationPlatforms) = preSolution
		Debug|Any CPU = Debug|Any CPU
		Release|Any CPU = Release|Any CPU
	EndGlobalSection
	GlobalSection(ProjectConfigurationPlatforms) = postSolution
		{12E27817-F1CA-4B74-A9BF-7FC6DAB5C9B5}.Debug|Any CPU.ActiveCfg = Debug|Any CPU
		{12E27817-F1CA-4B74-A9BF-7FC6DAB5C9B5}.Debug|Any CPU.Build.0 = Debug|Any CPU
		{12E27817-F1CA-4B74-A9BF-7FC6DAB5C9B5}.Release|Any CPU.ActiveCfg = Release|Any CPU
		{12E27817-F1CA-4B74-A9BF-7FC6DAB5C9B5}.Release|Any CPU.Build.0 = Release|Any CPU
	EndGlobalSection
	GlobalSection(SolutionProperties) = preSolution
		HideSolutionNode = FALSE
	EndGlobalSection
	GlobalSection(ExtensibilityGlobals) = postSolution
		SolutionGuid = {A390AE5F-B60E-44C9-94B4-A7DED039E11C}
	EndGlobalSection
EndGlobal
