
Microsoft Visual Studio Solution File, Format Version 12.00
# Visual Studio Version 17
VisualStudioVersion = 17.0.32112.339
MinimumVisualStudioVersion = 10.0.40219.1
Project("{FAE04EC0-301F-11D3-BF4B-00C04F79EFBC}") = "Problema de estoque", "Problema de estoque\Problema de estoque.csproj", "{77E1D0FF-3924-4D23-895A-3DBD5863360C}"
EndProject
Global
	GlobalSection(SolutionConfigurationPlatforms) = preSolution
		Debug|Any CPU = Debug|Any CPU
		Release|Any CPU = Release|Any CPU
	EndGlobalSection
	GlobalSection(ProjectConfigurationPlatforms) = postSolution
		{77E1D0FF-3924-4D23-895A-3DBD5863360C}.Debug|Any CPU.ActiveCfg = Debug|Any CPU
		{77E1D0FF-3924-4D23-895A-3DBD5863360C}.Debug|Any CPU.Build.0 = Debug|Any CPU
		{77E1D0FF-3924-4D23-895A-3DBD5863360C}.Release|Any CPU.ActiveCfg = Release|Any CPU
		{77E1D0FF-3924-4D23-895A-3DBD5863360C}.Release|Any CPU.Build.0 = Release|Any CPU
	EndGlobalSection
	GlobalSection(SolutionProperties) = preSolution
		HideSolutionNode = FALSE
	EndGlobalSection
	GlobalSection(ExtensibilityGlobals) = postSolution
		SolutionGuid = {F6DE436A-CB66-4BB6-944F-5076C9033AE6}
	EndGlobalSection
EndGlobal
